
Microsoft Visual Studio Solution File, Format Version 12.00
# Visual Studio Version 16
VisualStudioVersion = 16.0.30413.136
MinimumVisualStudioVersion = 10.0.40219.1
Project("{8BC9CEB8-8B4A-11D0-8D11-00A0C91BC942}") = "Sorting", "Sorting\Sorting.vcxproj", "{168B2D93-4604-46BF-9AA2-CE5FBA544EAB}"
EndProject
Global
	GlobalSection(SolutionConfigurationPlatforms) = preSolution
		Debug|x64 = Debug|x64
		Debug|x86 = Debug|x86
		Release|x64 = Release|x64
		Release|x86 = Release|x86
	EndGlobalSection
	GlobalSection(ProjectConfigurationPlatforms) = postSolution
		{168B2D93-4604-46BF-9AA2-CE5FBA544EAB}.Debug|x64.ActiveCfg = Debug|x64
		{168B2D93-4604-46BF-9AA2-CE5FBA544EAB}.Debug|x64.Build.0 = Debug|x64
		{168B2D93-4604-46BF-9AA2-CE5FBA544EAB}.Debug|x86.ActiveCfg = Debug|Win32
		{168B2D93-4604-46BF-9AA2-CE5FBA544EAB}.Debug|x86.Build.0 = Debug|Win32
		{168B2D93-4604-46BF-9AA2-CE5FBA544EAB}.Release|x64.ActiveCfg = Release|x64
		{168B2D93-4604-46BF-9AA2-CE5FBA544EAB}.Release|x64.Build.0 = Release|x64
		{168B2D93-4604-46BF-9AA2-CE5FBA544EAB}.Release|x86.ActiveCfg = Release|Win32
		{168B2D93-4604-46BF-9AA2-CE5FBA544EAB}.Release|x86.Build.0 = Release|Win32
	EndGlobalSection
	GlobalSection(SolutionProperties) = preSolution
		HideSolutionNode = FALSE
	EndGlobalSection
	GlobalSection(ExtensibilityGlobals) = postSolution
		SolutionGuid = {B320D5A6-739D-4DA9-9B91-9172F7A67ED2}
	EndGlobalSection
EndGlobal
